// !$*UTF8*$!
{
	archiveVersion = 1;
	classes = {
	};
	objectVersion = 46;
	objects = {

/* Begin PBXBuildFile section */
		DAD315CD1E784384000BE0C1 /* AppDelegate.swift in Sources */ = {isa = PBXBuildFile; fileRef = DAD315CC1E784384000BE0C1 /* AppDelegate.swift */; };
		DAD315CF1E784384000BE0C1 /* ViewController.swift in Sources */ = {isa = PBXBuildFile; fileRef = DAD315CE1E784384000BE0C1 /* ViewController.swift */; };
		DAD315D21E784384000BE0C1 /* Main.storyboard in Resources */ = {isa = PBXBuildFile; fileRef = DAD315D01E784384000BE0C1 /* Main.storyboard */; };
		DAD315D41E784384000BE0C1 /* Assets.xcassets in Resources */ = {isa = PBXBuildFile; fileRef = DAD315D31E784384000BE0C1 /* Assets.xcassets */; };
		DAD315D71E784384000BE0C1 /* LaunchScreen.storyboard in Resources */ = {isa = PBXBuildFile; fileRef = DAD315D51E784384000BE0C1 /* LaunchScreen.storyboard */; };
/* End PBXBuildFile section */

/* Begin PBXFileReference section */
		DAD315C91E784384000BE0C1 /* FindFlight.app */ = {isa = PBXFileReference; explicitFileType = wrapper.application; includeInIndex = 0; path = FindFlight.app; sourceTree = BUILT_PRODUCTS_DIR; };
		DAD315CC1E784384000BE0C1 /* AppDelegate.swift */ = {isa = PBXFileReference; lastKnownFileType = sourcecode.swift; path = AppDelegate.swift; sourceTree = "<group>"; };
		DAD315CE1E784384000BE0C1 /* ViewController.swift */ = {isa = PBXFileReference; lastKnownFileType = sourcecode.swift; path = ViewController.swift; sourceTree = "<group>"; };
		DAD315D11E784384000BE0C1 /* Base */ = {isa = PBXFileReference; lastKnownFileType = file.storyboard; name = Base; path = Base.lproj/Main.storyboard; sourceTree = "<group>"; };
		DAD315D31E784384000BE0C1 /* Assets.xcassets */ = {isa = PBXFileReference; lastKnownFileType = folder.assetcatalog; path = Assets.xcassets; sourceTree = "<group>"; };
		DAD315D61E784384000BE0C1 /* Base */ = {isa = PBXFileReference; lastKnownFileType = file.storyboard; name = Base; path = Base.lproj/LaunchScreen.storyboard; sourceTree = "<group>"; };
		DAD315D81E784384000BE0C1 /* Info.plist */ = {isa = PBXFileReference; lastKnownFileType = text.plist.xml; path = Info.plist; sourceTree = "<group>"; };
/* End PBXFileReference section */

/* Begin PBXFrameworksBuildPhase section */
		DAD315C61E784384000BE0C1 /* Frameworks */ = {
			isa = PBXFrameworksBuildPhase;
			buildActionMask = 2147483647;
			files = (
			);
			runOnlyForDeploymentPostprocessing = 0;
		};
/* End PBXFrameworksBuildPhase section */

/* Begin PBXGroup section */
		DAD315C01E784384000BE0C1 = {
			isa = PBXGroup;
			children = (
				DAD315CB1E784384000BE0C1 /* FindFlight */,
				DAD315CA1E784384000BE0C1 /* Products */,
			);
			sourceTree = "<group>";
		};
		DAD315CA1E784384000BE0C1 /* Products */ = {
			isa = PBXGroup;
			children = (
				DAD315C91E784384000BE0C1 /* FindFlight.app */,
			);
			name = Products;
			sourceTree = "<group>";
		};
		DAD315CB1E784384000BE0C1 /* FindFlight */ = {
			isa = PBXGroup;
			children = (
				DAD315CC1E784384000BE0C1 /* AppDelegate.swift */,
				DAD315CE1E784384000BE0C1 /* ViewController.swift */,
				DAD315D01E784384000BE0C1 /* Main.storyboard */,
				DAD315D31E784384000BE0C1 /* Assets.xcassets */,
				DAD315D51E784384000BE0C1 /* LaunchScreen.storyboard */,
				DAD315D81E784384000BE0C1 /* Info.plist */,
			);
			path = FindFlight;
			sourceTree = "<group>";
		};
/* End PBXGroup section */

/* Begin PBXNativeTarget section */
		DAD315C81E784384000BE0C1 /* FindFlight */ = {
			isa = PBXNativeTarget;
			buildConfigurationList = DAD315DB1E784384000BE0C1 /* Build configuration list for PBXNativeTarget "FindFlight" */;
			buildPhases = (
				DAD315C51E784384000BE0C1 /* Sources */,
				DAD315C61E784384000BE0C1 /* Frameworks */,
				DAD315C71E784384000BE0C1 /* Resources */,
			);
			buildRules = (
			);
			dependencies = (
			);
			name = FindFlight;
			productName = FindFlight;
			productReference = DAD315C91E784384000BE0C1 /* FindFlight.app */;
			productType = "com.apple.product-type.application";
		};
/* End PBXNativeTarget section */

/* Begin PBXProject section */
		DAD315C11E784384000BE0C1 /* Project object */ = {
			isa = PBXProject;
			attributes = {
				LastSwiftUpdateCheck = 0820;
				LastUpgradeCheck = 0820;
				ORGANIZATIONNAME = "Vagner Oliveira";
				TargetAttributes = {
					DAD315C81E784384000BE0C1 = {
						CreatedOnToolsVersion = 8.2.1;
						DevelopmentTeam = 2KXS6MVM6W;
						ProvisioningStyle = Automatic;
					};
				};
			};
			buildConfigurationList = DAD315C41E784384000BE0C1 /* Build configuration list for PBXProject "FindFlight" */;
			compatibilityVersion = "Xcode 3.2";
			developmentRegion = English;
			hasScannedForEncodings = 0;
			knownRegions = (
				en,
				Base,
			);
			mainGroup = DAD315C01E784384000BE0C1;
			productRefGroup = DAD315CA1E784384000BE0C1 /* Products */;
			projectDirPath = "";
			projectRoot = "";
			targets = (
				DAD315C81E784384000BE0C1 /* FindFlight */,
			);
		};
/* End PBXProject section */

/* Begin PBXResourcesBuildPhase section */
		DAD315C71E784384000BE0C1 /* Resources */ = {
			isa = PBXResourcesBuildPhase;
			buildActionMask = 2147483647;
			files = (
				DAD315D71E784384000BE0C1 /* LaunchScreen.storyboard in Resources */,
				DAD315D41E784384000BE0C1 /* Assets.xcassets in Resources */,
				DAD315D21E784384000BE0C1 /* Main.storyboard in Resources */,
			);
			runOnlyForDeploymentPostprocessing = 0;
		};
/* End PBXResourcesBuildPhase section */

/* Begin PBXSourcesBuildPhase section */
		DAD315C51E784384000BE0C1 /* Sources */ = {
			isa = PBXSourcesBuildPhase;
			buildActionMask = 2147483647;
			files = (
				DAD315CF1E784384000BE0C1 /* ViewController.swift in Sources */,
				DAD315CD1E784384000BE0C1 /* AppDelegate.swift in Sources */,
			);
			runOnlyForDeploymentPostprocessing = 0;
		};
/* End PBXSourcesBuildPhase section */

/* Begin PBXVariantGroup section */
		DAD315D01E784384000BE0C1 /* Main.storyboard */ = {
			isa = PBXVariantGroup;
			children = (
				DAD315D11E784384000BE0C1 /* Base */,
			);
			name = Main.storyboard;
			sourceTree = "<group>";
		};
		DAD315D51E784384000BE0C1 /* LaunchScreen.storyboard */ = {
			isa = PBXVariantGroup;
			children = (
				DAD315D61E784384000BE0C1 /* Base */,
			);
			name = LaunchScreen.storyboard;
			sourceTree = "<group>";
		};
/* End PBXVariantGroup section */

/* Begin XCBuildConfiguration section */
		DAD315D91E784384000BE0C1 /* Debug */ = {
			isa = XCBuildConfiguration;
			buildSettings = {
				ALWAYS_SEARCH_USER_PATHS = NO;
				CLANG_ANALYZER_NONNULL = YES;
				CLANG_CXX_LANGUAGE_STANDARD = "gnu++0x";
				CLANG_CXX_LIBRARY = "libc++";
				CLANG_ENABLE_MODULES = YES;
				CLANG_ENABLE_OBJC_ARC = YES;
				CLANG_WARN_BOOL_CONVERSION = YES;
				CLANG_WARN_CONSTANT_CONVERSION = YES;
				CLANG_WARN_DIRECT_OBJC_ISA_USAGE = YES_ERROR;
				CLANG_WARN_DOCUMENTATION_COMMENTS = YES;
				CLANG_WARN_EMPTY_BODY = YES;
				CLANG_WARN_ENUM_CONVERSION = YES;
				CLANG_WARN_INFINITE_RECURSION = YES;
				CLANG_WARN_INT_CONVERSION = YES;
				CLANG_WARN_OBJC_ROOT_CLASS = YES_ERROR;
				CLANG_WARN_SUSPICIOUS_MOVE = YES;
				CLANG_WARN_UNREACHABLE_CODE = YES;
				CLANG_WARN__DUPLICATE_METHOD_MATCH = YES;
				"CODE_SIGN_IDENTITY[sdk=iphoneos*]" = "iPhone Developer";
				COPY_PHASE_STRIP = NO;
				DEBUG_INFORMATION_FORMAT = dwarf;
				ENABLE_STRICT_OBJC_MSGSEND = YES;
				ENABLE_TESTABILITY = YES;
				GCC_C_LANGUAGE_STANDARD = gnu99;
				GCC_DYNAMIC_NO_PIC = NO;
				GCC_NO_COMMON_BLOCKS = YES;
				GCC_OPTIMIZATION_LEVEL = 0;
				GCC_PREPROCESSOR_DEFINITIONS = (
					"DEBUG=1",
					"$(inherited)",
				);
				GCC_WARN_64_TO_32_BIT_CONVERSION = YES;
				GCC_WARN_ABOUT_RETURN_TYPE = YES_ERROR;
				GCC_WARN_UNDECLARED_SELECTOR = YES;
				GCC_WARN_UNINITIALIZED_AUTOS = YES_AGGRESSIVE;
				GCC_WARN_UNUSED_FUNCTION = YES;
				GCC_WARN_UNUSED_VARIABLE = YES;
				IPHONEOS_DEPLOYMENT_TARGET = 10.2;
				MTL_ENABLE_DEBUG_INFO = YES;
				ONLY_ACTIVE_ARCH = YES;
				SDKROOT = iphoneos;
				SWIFT_ACTIVE_COMPILATION_CONDITIONS = DEBUG;
				SWIFT_OPTIMIZATION_LEVEL = "-Onone";
			};
			name = Debug;
		};
		DAD315DA1E784384000BE0C1 /* Release */ = {
			isa = XCBuildConfiguration;
			buildSettings = {
				ALWAYS_SEARCH_USER_PATHS = NO;
				CLANG_ANALYZER_NONNULL = YES;
				CLANG_CXX_LANGUAGE_STANDARD = "gnu++0x";
				CLANG_CXX_LIBRARY = "libc++";
				CLANG_ENABLE_MODULES = YES;
				CLANG_ENABLE_OBJC_ARC = YES;
				CLANG_WARN_BOOL_CONVERSION = YES;
				CLANG_WARN_CONSTANT_CONVERSION = YES;
				CLANG_WARN_DIRECT_OBJC_ISA_USAGE = YES_ERROR;
				CLANG_WARN_DOCUMENTATION_COMMENTS = YES;
				CLANG_WARN_EMPTY_BODY = YES;
				CLANG_WARN_ENUM_CONVERSION = YES;
				CLANG_WARN_INFINITE_RECURSION = YES;
				CLANG_WARN_INT_CONVERSION = YES;
				CLANG_WARN_OBJC_ROOT_CLASS = YES_ERROR;
				CLANG_WARN_SUSPICIOUS_MOVE = YES;
				CLANG_WARN_UNREACHABLE_CODE = YES;
				CLANG_WARN__DUPLICATE_METHOD_MATCH = YES;
				"CODE_SIGN_IDENTITY[sdk=iphoneos*]" = "iPhone Developer";
				COPY_PHASE_STRIP = NO;
				DEBUG_INFORMATION_FORMAT = "dwarf-with-dsym";
				ENABLE_NS_ASSERTIONS = NO;
				ENABLE_STRICT_OBJC_MSGSEND = YES;
				GCC_C_LANGUAGE_STANDARD = gnu99;
				GCC_NO_COMMON_BLOCKS = YES;
				GCC_WARN_64_TO_32_BIT_CONVERSION = YES;
				GCC_WARN_ABOUT_RETURN_TYPE = YES_ERROR;
				GCC_WARN_UNDECLARED_SELECTOR = YES;
				GCC_WARN_UNINITIALIZED_AUTOS = YES_AGGRESSIVE;
				GCC_WARN_UNUSED_FUNCTION = YES;
				GCC_WARN_UNUSED_VARIABLE = YES;
				IPHONEOS_DEPLOYMENT_TARGET = 10.2;
				MTL_ENABLE_DEBUG_INFO = NO;
				SDKROOT = iphoneos;
				SWIFT_OPTIMIZATION_LEVEL = "-Owholemodule";
				VALIDATE_PRODUCT = YES;
			};
			name = Release;
		};
		DAD315DC1E784384000BE0C1 /* Debug */ = {
			isa = XCBuildConfiguration;
			buildSettings = {
				ASSETCATALOG_COMPILER_APPICON_NAME = AppIcon;
				DEVELOPMENT_TEAM = 2KXS6MVM6W;
				INFOPLIST_FILE = FindFlight/Info.plist;
				LD_RUNPATH_SEARCH_PATHS = "$(inherited) @executable_path/Frameworks";
				PRODUCT_BUNDLE_IDENTIFIER = com.zeroedge.FindFlight;
				PRODUCT_NAME = "$(TARGET_NAME)";
				SWIFT_VERSION = 3.0;
			};
			name = Debug;
		};
		DAD315DD1E784384000BE0C1 /* Release */ = {
			isa = XCBuildConfiguration;
			buildSettings = {
				ASSETCATALOG_COMPILER_APPICON_NAME = AppIcon;
				DEVELOPMENT_TEAM = 2KXS6MVM6W;
				INFOPLIST_FILE = FindFlight/Info.plist;
				LD_RUNPATH_SEARCH_PATHS = "$(inherited) @executable_path/Frameworks";
				PRODUCT_BUNDLE_IDENTIFIER = com.zeroedge.FindFlight;
				PRODUCT_NAME = "$(TARGET_NAME)";
				SWIFT_VERSION = 3.0;
			};
			name = Release;
		};
/* End XCBuildConfiguration section */

/* Begin XCConfigurationList section */
		DAD315C41E784384000BE0C1 /* Build configuration list for PBXProject "FindFlight" */ = {
			isa = XCConfigurationList;
			buildConfigurations = (
				DAD315D91E784384000BE0C1 /* Debug */,
				DAD315DA1E784384000BE0C1 /* Release */,
			);
			defaultConfigurationIsVisible = 0;
			defaultConfigurationName = Release;
		};
		DAD315DB1E784384000BE0C1 /* Build configuration list for PBXNativeTarget "FindFlight" */ = {
			isa = XCConfigurationList;
			buildConfigurations = (
				DAD315DC1E784384000BE0C1 /* Debug */,
				DAD315DD1E784384000BE0C1 /* Release */,
			);
			defaultConfigurationIsVisible = 0;
		};
/* End XCConfigurationList section */
	};
	rootObject = DAD315C11E784384000BE0C1 /* Project object */;
}
